<?xml version="1.0" encoding="utf-8"?>
<Project ToolsVersion="4.0" xmlns="http://schemas.microsoft.com/developer/msbuild/2003">
  <ItemGroup>
    <Filter Include="Source Files">
      <UniqueIdentifier>{4FC737F1-C7A5-4376-A066-2A32D752A2FF}</UniqueIdentifier>
      <Extensions>cpp;c;cc;cxx;def;odl;idl;hpj;bat;asm;asmx</Extensions>
    </Filter>
    <Filter Include="Header Files">
      <UniqueIdentifier>{93995380-89BD-4b04-88EB-625FBE52EBFB}</UniqueIdentifier>
      <Extensions>h;hh;hpp;hxx;hm;inl;inc;xsd</Extensions>
    </Filter>
    <Filter Include="Resource Files">
      <UniqueIdentifier>{D9D6E242-F8AF-46E4-B9FD-80ECBC20BA3E}</UniqueIdentifier>
      <Extensions>qrc;*</Extensions>
      <ParseFiles>false</ParseFiles>
    </Filter>
    <Filter Include="Form Files">
      <UniqueIdentifier>{99349809-55BA-4b9d-BF79-8FDBB0286EB3}</UniqueIdentifier>
      <Extensions>ui</Extensions>
    </Filter>
    <Filter Include="Resource Files">
      <UniqueIdentifier>{D9D6E242-F8AF-46E4-B9FD-80ECBC20BA3E}</UniqueIdentifier>
      <Extensions>qrc;*</Extensions>
      <ParseFiles>false</ParseFiles>
    </Filter>
    <Filter Include="Generated Files">
      <UniqueIdentifier>{71ED8ED8-ACB9-4CE9-BBE1-E00B30144E11}</UniqueIdentifier>
      <Extensions>moc;h;cpp</Extensions>
      <SourceControlFiles>False</SourceControlFiles>
    </Filter>
    <Filter Include="Header Files\osutools">
      <UniqueIdentifier>{f09ddae8-effe-4137-acdd-0821f6a5d1f4}</UniqueIdentifier>
    </Filter>
    <Filter Include="Source Files\osutools">
      <UniqueIdentifier>{62cdf60d-66cb-494f-aacd-fbecd7777a77}</UniqueIdentifier>
    </Filter>
  </ItemGroup>
  <ItemGroup>
    <ClCompile Include="main.cpp">
      <Filter>Source Files</Filter>
    </ClCompile>
    <ClCompile Include="stdafx.cpp">
      <Filter>Source Files</Filter>
    </ClCompile>
    <ClCompile Include="practosu.cpp">
      <Filter>Source Files</Filter>
    </ClCompile>
    <ClCompile Include="osutools\db_parser.cpp">
      <Filter>Source Files\osutools</Filter>
    </ClCompile>
    <ClCompile Include="osutools\file_changer.cpp">
      <Filter>Source Files\osutools</Filter>
    </ClCompile>
    <ClCompile Include="osutools\file_parser.cpp">
      <Filter>Source Files\osutools</Filter>
    </ClCompile>
    <ClCompile Include="osutools\file_writer.cpp">
      <Filter>Source Files\osutools</Filter>
    </ClCompile>
    <ClCompile Include="osutools\func.cpp">
      <Filter>Source Files\osutools</Filter>
    </ClCompile>
    <ClCompile Include="dbprogress.cpp">
      <Filter>Source Files</Filter>
    </ClCompile>
    <ClCompile Include="presets.cpp">
      <Filter>Source Files</Filter>
    </ClCompile>
    <ClCompile Include="presetsmanager.cpp">
      <Filter>Source Files</Filter>
    </ClCompile>
    <ClCompile Include="audiocleaner.cpp">
      <Filter>Source Files</Filter>
    </ClCompile>
  </ItemGroup>
  <ItemGroup>
    <ClInclude Include="stdafx.h">
      <Filter>Header Files</Filter>
    </ClInclude>
    <ClInclude Include="osutools\file_parser.hpp">
      <Filter>Header Files\osutools</Filter>
    </ClInclude>
    <ClInclude Include="osutools\file_structs.hpp">
      <Filter>Header Files\osutools</Filter>
    </ClInclude>
    <ClInclude Include="osutools\file_writer.hpp">
      <Filter>Header Files\osutools</Filter>
    </ClInclude>
    <ClInclude Include="osutools\func.hpp">
      <Filter>Header Files\osutools</Filter>
    </ClInclude>
    <ClInclude Include="osutools\db_parser.hpp">
      <Filter>Header Files\osutools</Filter>
    </ClInclude>
    <ClInclude Include="osutools\file_changer.hpp">
      <Filter>Header Files\osutools</Filter>
    </ClInclude>
    <ClInclude Include="presets.hpp">
      <Filter>Header Files</Filter>
    </ClInclude>
  </ItemGroup>
  <ItemGroup>
    <QtMoc Include="practosu.h">
      <Filter>Header Files</Filter>
    </QtMoc>
    <QtMoc Include="dbprogress.h">
      <Filter>Header Files</Filter>
    </QtMoc>
    <QtMoc Include="presetsmanager.h">
      <Filter>Header Files</Filter>
    </QtMoc>
    <QtMoc Include="audiocleaner.h">
      <Filter>Header Files</Filter>
    </QtMoc>
  </ItemGroup>
  <ItemGroup>
    <QtUic Include="practosu.ui">
      <Filter>Form Files</Filter>
    </QtUic>
    <QtUic Include="dbprogress.ui">
      <Filter>Form Files</Filter>
    </QtUic>
    <QtUic Include="presetsmanager.ui">
      <Filter>Form Files</Filter>
    </QtUic>
    <QtUic Include="audiocleaner.ui">
      <Filter>Form Files</Filter>
    </QtUic>
  </ItemGroup>
  <ItemGroup>
    <QtRcc Include="practosu.qrc">
      <Filter>Resource Files</Filter>
    </QtRcc>
  </ItemGroup>
</Project>